// !$*UTF8*$!
{
	archiveVersion = 1;
	classes = {
	};
	objectVersion = 50;
	objects = {

/* Begin PBXBuildFile section */
		E920590B23DEEFB3009B7FAD /* AppDelegate.swift in Sources */ = {isa = PBXBuildFile; fileRef = E920590A23DEEFB3009B7FAD /* AppDelegate.swift */; };
		E920590D23DEEFB3009B7FAD /* SceneDelegate.swift in Sources */ = {isa = PBXBuildFile; fileRef = E920590C23DEEFB3009B7FAD /* SceneDelegate.swift */; };
		E920590F23DEEFB3009B7FAD /* ViewController.swift in Sources */ = {isa = PBXBuildFile; fileRef = E920590E23DEEFB3009B7FAD /* ViewController.swift */; };
		E920591223DEEFB3009B7FAD /* Main.storyboard in Resources */ = {isa = PBXBuildFile; fileRef = E920591023DEEFB3009B7FAD /* Main.storyboard */; };
		E920591423DEEFB4009B7FAD /* Assets.xcassets in Resources */ = {isa = PBXBuildFile; fileRef = E920591323DEEFB4009B7FAD /* Assets.xcassets */; };
		E920591723DEEFB4009B7FAD /* LaunchScreen.storyboard in Resources */ = {isa = PBXBuildFile; fileRef = E920591523DEEFB4009B7FAD /* LaunchScreen.storyboard */; };
		E920591F23DEF03E009B7FAD /* SymmetrixView.swift in Sources */ = {isa = PBXBuildFile; fileRef = E920591E23DEF03E009B7FAD /* SymmetrixView.swift */; };
		E99AA791241E9CC100901EAE /* ArrayTableViewController.swift in Sources */ = {isa = PBXBuildFile; fileRef = E99AA790241E9CC100901EAE /* ArrayTableViewController.swift */; };
/* End PBXBuildFile section */

/* Begin PBXFileReference section */
		E920590723DEEFB3009B7FAD /* Symmetrix.app */ = {isa = PBXFileReference; explicitFileType = wrapper.application; includeInIndex = 0; path = Symmetrix.app; sourceTree = BUILT_PRODUCTS_DIR; };
		E920590A23DEEFB3009B7FAD /* AppDelegate.swift */ = {isa = PBXFileReference; lastKnownFileType = sourcecode.swift; path = AppDelegate.swift; sourceTree = "<group>"; };
		E920590C23DEEFB3009B7FAD /* SceneDelegate.swift */ = {isa = PBXFileReference; lastKnownFileType = sourcecode.swift; path = SceneDelegate.swift; sourceTree = "<group>"; };
		E920590E23DEEFB3009B7FAD /* ViewController.swift */ = {isa = PBXFileReference; lastKnownFileType = sourcecode.swift; path = ViewController.swift; sourceTree = "<group>"; };
		E920591123DEEFB3009B7FAD /* Base */ = {isa = PBXFileReference; lastKnownFileType = file.storyboard; name = Base; path = Base.lproj/Main.storyboard; sourceTree = "<group>"; };
		E920591323DEEFB4009B7FAD /* Assets.xcassets */ = {isa = PBXFileReference; lastKnownFileType = folder.assetcatalog; path = Assets.xcassets; sourceTree = "<group>"; };
		E920591623DEEFB4009B7FAD /* Base */ = {isa = PBXFileReference; lastKnownFileType = file.storyboard; name = Base; path = Base.lproj/LaunchScreen.storyboard; sourceTree = "<group>"; };
		E920591823DEEFB4009B7FAD /* Info.plist */ = {isa = PBXFileReference; lastKnownFileType = text.plist.xml; path = Info.plist; sourceTree = "<group>"; };
		E920591E23DEF03E009B7FAD /* SymmetrixView.swift */ = {isa = PBXFileReference; lastKnownFileType = sourcecode.swift; path = SymmetrixView.swift; sourceTree = "<group>"; };
		E99AA790241E9CC100901EAE /* ArrayTableViewController.swift */ = {isa = PBXFileReference; lastKnownFileType = sourcecode.swift; path = ArrayTableViewController.swift; sourceTree = "<group>"; };
/* End PBXFileReference section */

/* Begin PBXFrameworksBuildPhase section */
		E920590423DEEFB3009B7FAD /* Frameworks */ = {
			isa = PBXFrameworksBuildPhase;
			buildActionMask = 2147483647;
			files = (
			);
			runOnlyForDeploymentPostprocessing = 0;
		};
/* End PBXFrameworksBuildPhase section */

/* Begin PBXGroup section */
		E92058FE23DEEFB3009B7FAD = {
			isa = PBXGroup;
			children = (
				E920590923DEEFB3009B7FAD /* Symmetrix */,
				E920590823DEEFB3009B7FAD /* Products */,
			);
			sourceTree = "<group>";
		};
		E920590823DEEFB3009B7FAD /* Products */ = {
			isa = PBXGroup;
			children = (
				E920590723DEEFB3009B7FAD /* Symmetrix.app */,
			);
			name = Products;
			sourceTree = "<group>";
		};
		E920590923DEEFB3009B7FAD /* Symmetrix */ = {
			isa = PBXGroup;
			children = (
				E920590A23DEEFB3009B7FAD /* AppDelegate.swift */,
				E920590C23DEEFB3009B7FAD /* SceneDelegate.swift */,
				E99AA790241E9CC100901EAE /* ArrayTableViewController.swift */,
				E920590E23DEEFB3009B7FAD /* ViewController.swift */,
				E920591E23DEF03E009B7FAD /* SymmetrixView.swift */,
				E920591023DEEFB3009B7FAD /* Main.storyboard */,
				E920591323DEEFB4009B7FAD /* Assets.xcassets */,
				E920591523DEEFB4009B7FAD /* LaunchScreen.storyboard */,
				E920591823DEEFB4009B7FAD /* Info.plist */,
			);
			path = Symmetrix;
			sourceTree = "<group>";
		};
/* End PBXGroup section */

/* Begin PBXNativeTarget section */
		E920590623DEEFB3009B7FAD /* Symmetrix */ = {
			isa = PBXNativeTarget;
			buildConfigurationList = E920591B23DEEFB4009B7FAD /* Build configuration list for PBXNativeTarget "Symmetrix" */;
			buildPhases = (
				E920590323DEEFB3009B7FAD /* Sources */,
				E920590423DEEFB3009B7FAD /* Frameworks */,
				E920590523DEEFB3009B7FAD /* Resources */,
			);
			buildRules = (
			);
			dependencies = (
			);
			name = Symmetrix;
			productName = Symmetrix;
			productReference = E920590723DEEFB3009B7FAD /* Symmetrix.app */;
			productType = "com.apple.product-type.application";
		};
/* End PBXNativeTarget section */

/* Begin PBXProject section */
		E92058FF23DEEFB3009B7FAD /* Project object */ = {
			isa = PBXProject;
			attributes = {
				LastSwiftUpdateCheck = 1110;
				LastUpgradeCheck = 1110;
				ORGANIZATIONNAME = Mindbrix;
				TargetAttributes = {
					E920590623DEEFB3009B7FAD = {
						CreatedOnToolsVersion = 11.1;
					};
				};
			};
			buildConfigurationList = E920590223DEEFB3009B7FAD /* Build configuration list for PBXProject "Symmetrix" */;
			compatibilityVersion = "Xcode 9.3";
			developmentRegion = en;
			hasScannedForEncodings = 0;
			knownRegions = (
				en,
				Base,
			);
			mainGroup = E92058FE23DEEFB3009B7FAD;
			productRefGroup = E920590823DEEFB3009B7FAD /* Products */;
			projectDirPath = "";
			projectRoot = "";
			targets = (
				E920590623DEEFB3009B7FAD /* Symmetrix */,
			);
		};
/* End PBXProject section */

/* Begin PBXResourcesBuildPhase section */
		E920590523DEEFB3009B7FAD /* Resources */ = {
			isa = PBXResourcesBuildPhase;
			buildActionMask = 2147483647;
			files = (
				E920591723DEEFB4009B7FAD /* LaunchScreen.storyboard in Resources */,
				E920591423DEEFB4009B7FAD /* Assets.xcassets in Resources */,
				E920591223DEEFB3009B7FAD /* Main.storyboard in Resources */,
			);
			runOnlyForDeploymentPostprocessing = 0;
		};
/* End PBXResourcesBuildPhase section */

/* Begin PBXSourcesBuildPhase section */
		E920590323DEEFB3009B7FAD /* Sources */ = {
			isa = PBXSourcesBuildPhase;
			buildActionMask = 2147483647;
			files = (
				E920590F23DEEFB3009B7FAD /* ViewController.swift in Sources */,
				E99AA791241E9CC100901EAE /* ArrayTableViewController.swift in Sources */,
				E920590B23DEEFB3009B7FAD /* AppDelegate.swift in Sources */,
				E920590D23DEEFB3009B7FAD /* SceneDelegate.swift in Sources */,
				E920591F23DEF03E009B7FAD /* SymmetrixView.swift in Sources */,
			);
			runOnlyForDeploymentPostprocessing = 0;
		};
/* End PBXSourcesBuildPhase section */

/* Begin PBXVariantGroup section */
		E920591023DEEFB3009B7FAD /* Main.storyboard */ = {
			isa = PBXVariantGroup;
			children = (
				E920591123DEEFB3009B7FAD /* Base */,
			);
			name = Main.storyboard;
			sourceTree = "<group>";
		};
		E920591523DEEFB4009B7FAD /* LaunchScreen.storyboard */ = {
			isa = PBXVariantGroup;
			children = (
				E920591623DEEFB4009B7FAD /* Base */,
			);
			name = LaunchScreen.storyboard;
			sourceTree = "<group>";
		};
/* End PBXVariantGroup section */

/* Begin XCBuildConfiguration section */
		E920591923DEEFB4009B7FAD /* Debug */ = {
			isa = XCBuildConfiguration;
			buildSettings = {
				ALWAYS_SEARCH_USER_PATHS = NO;
				CLANG_ANALYZER_NONNULL = YES;
				CLANG_ANALYZER_NUMBER_OBJECT_CONVERSION = YES_AGGRESSIVE;
				CLANG_CXX_LANGUAGE_STANDARD = "gnu++14";
				CLANG_CXX_LIBRARY = "libc++";
				CLANG_ENABLE_MODULES = YES;
				CLANG_ENABLE_OBJC_ARC = YES;
				CLANG_ENABLE_OBJC_WEAK = YES;
				CLANG_WARN_BLOCK_CAPTURE_AUTORELEASING = YES;
				CLANG_WARN_BOOL_CONVERSION = YES;
				CLANG_WARN_COMMA = YES;
				CLANG_WARN_CONSTANT_CONVERSION = YES;
				CLANG_WARN_DEPRECATED_OBJC_IMPLEMENTATIONS = YES;
				CLANG_WARN_DIRECT_OBJC_ISA_USAGE = YES_ERROR;
				CLANG_WARN_DOCUMENTATION_COMMENTS = YES;
				CLANG_WARN_EMPTY_BODY = YES;
				CLANG_WARN_ENUM_CONVERSION = YES;
				CLANG_WARN_INFINITE_RECURSION = YES;
				CLANG_WARN_INT_CONVERSION = YES;
				CLANG_WARN_NON_LITERAL_NULL_CONVERSION = YES;
				CLANG_WARN_OBJC_IMPLICIT_RETAIN_SELF = YES;
				CLANG_WARN_OBJC_LITERAL_CONVERSION = YES;
				CLANG_WARN_OBJC_ROOT_CLASS = YES_ERROR;
				CLANG_WARN_RANGE_LOOP_ANALYSIS = YES;
				CLANG_WARN_STRICT_PROTOTYPES = YES;
				CLANG_WARN_SUSPICIOUS_MOVE = YES;
				CLANG_WARN_UNGUARDED_AVAILABILITY = YES_AGGRESSIVE;
				CLANG_WARN_UNREACHABLE_CODE = YES;
				CLANG_WARN__DUPLICATE_METHOD_MATCH = YES;
				COPY_PHASE_STRIP = NO;
				DEBUG_INFORMATION_FORMAT = dwarf;
				ENABLE_STRICT_OBJC_MSGSEND = YES;
				ENABLE_TESTABILITY = YES;
				GCC_C_LANGUAGE_STANDARD = gnu11;
				GCC_DYNAMIC_NO_PIC = NO;
				GCC_NO_COMMON_BLOCKS = YES;
				GCC_OPTIMIZATION_LEVEL = 0;
				GCC_PREPROCESSOR_DEFINITIONS = (
					"DEBUG=1",
					"$(inherited)",
				);
				GCC_WARN_64_TO_32_BIT_CONVERSION = YES;
				GCC_WARN_ABOUT_RETURN_TYPE = YES_ERROR;
				GCC_WARN_UNDECLARED_SELECTOR = YES;
				GCC_WARN_UNINITIALIZED_AUTOS = YES_AGGRESSIVE;
				GCC_WARN_UNUSED_FUNCTION = YES;
				GCC_WARN_UNUSED_VARIABLE = YES;
				IPHONEOS_DEPLOYMENT_TARGET = 13.1;
				MTL_ENABLE_DEBUG_INFO = INCLUDE_SOURCE;
				MTL_FAST_MATH = YES;
				ONLY_ACTIVE_ARCH = YES;
				SDKROOT = iphoneos;
				SWIFT_ACTIVE_COMPILATION_CONDITIONS = DEBUG;
				SWIFT_OPTIMIZATION_LEVEL = "-Onone";
			};
			name = Debug;
		};
		E920591A23DEEFB4009B7FAD /* Release */ = {
			isa = XCBuildConfiguration;
			buildSettings = {
				ALWAYS_SEARCH_USER_PATHS = NO;
				CLANG_ANALYZER_NONNULL = YES;
				CLANG_ANALYZER_NUMBER_OBJECT_CONVERSION = YES_AGGRESSIVE;
				CLANG_CXX_LANGUAGE_STANDARD = "gnu++14";
				CLANG_CXX_LIBRARY = "libc++";
				CLANG_ENABLE_MODULES = YES;
				CLANG_ENABLE_OBJC_ARC = YES;
				CLANG_ENABLE_OBJC_WEAK = YES;
				CLANG_WARN_BLOCK_CAPTURE_AUTORELEASING = YES;
				CLANG_WARN_BOOL_CONVERSION = YES;
				CLANG_WARN_COMMA = YES;
				CLANG_WARN_CONSTANT_CONVERSION = YES;
				CLANG_WARN_DEPRECATED_OBJC_IMPLEMENTATIONS = YES;
				CLANG_WARN_DIRECT_OBJC_ISA_USAGE = YES_ERROR;
				CLANG_WARN_DOCUMENTATION_COMMENTS = YES;
				CLANG_WARN_EMPTY_BODY = YES;
				CLANG_WARN_ENUM_CONVERSION = YES;
				CLANG_WARN_INFINITE_RECURSION = YES;
				CLANG_WARN_INT_CONVERSION = YES;
				CLANG_WARN_NON_LITERAL_NULL_CONVERSION = YES;
				CLANG_WARN_OBJC_IMPLICIT_RETAIN_SELF = YES;
				CLANG_WARN_OBJC_LITERAL_CONVERSION = YES;
				CLANG_WARN_OBJC_ROOT_CLASS = YES_ERROR;
				CLANG_WARN_RANGE_LOOP_ANALYSIS = YES;
				CLANG_WARN_STRICT_PROTOTYPES = YES;
				CLANG_WARN_SUSPICIOUS_MOVE = YES;
				CLANG_WARN_UNGUARDED_AVAILABILITY = YES_AGGRESSIVE;
				CLANG_WARN_UNREACHABLE_CODE = YES;
				CLANG_WARN__DUPLICATE_METHOD_MATCH = YES;
				COPY_PHASE_STRIP = NO;
				DEBUG_INFORMATION_FORMAT = "dwarf-with-dsym";
				ENABLE_NS_ASSERTIONS = NO;
				ENABLE_STRICT_OBJC_MSGSEND = YES;
				GCC_C_LANGUAGE_STANDARD = gnu11;
				GCC_NO_COMMON_BLOCKS = YES;
				GCC_WARN_64_TO_32_BIT_CONVERSION = YES;
				GCC_WARN_ABOUT_RETURN_TYPE = YES_ERROR;
				GCC_WARN_UNDECLARED_SELECTOR = YES;
				GCC_WARN_UNINITIALIZED_AUTOS = YES_AGGRESSIVE;
				GCC_WARN_UNUSED_FUNCTION = YES;
				GCC_WARN_UNUSED_VARIABLE = YES;
				IPHONEOS_DEPLOYMENT_TARGET = 13.1;
				MTL_ENABLE_DEBUG_INFO = NO;
				MTL_FAST_MATH = YES;
				SDKROOT = iphoneos;
				SWIFT_COMPILATION_MODE = wholemodule;
				SWIFT_OPTIMIZATION_LEVEL = "-O";
				VALIDATE_PRODUCT = YES;
			};
			name = Release;
		};
		E920591C23DEEFB4009B7FAD /* Debug */ = {
			isa = XCBuildConfiguration;
			buildSettings = {
				ASSETCATALOG_COMPILER_APPICON_NAME = AppIcon;
				CODE_SIGN_STYLE = Automatic;
				DEVELOPMENT_TEAM = WUZW9LMF53;
				INFOPLIST_FILE = Symmetrix/Info.plist;
				LD_RUNPATH_SEARCH_PATHS = (
					"$(inherited)",
					"@executable_path/Frameworks",
				);
				PRODUCT_BUNDLE_IDENTIFIER = uk.co.mindbrix.Symmetrix;
				PRODUCT_NAME = "$(TARGET_NAME)";
				SWIFT_VERSION = 5.0;
				TARGETED_DEVICE_FAMILY = "1,2";
			};
			name = Debug;
		};
		E920591D23DEEFB4009B7FAD /* Release */ = {
			isa = XCBuildConfiguration;
			buildSettings = {
				ASSETCATALOG_COMPILER_APPICON_NAME = AppIcon;
				CODE_SIGN_STYLE = Automatic;
				DEVELOPMENT_TEAM = WUZW9LMF53;
				INFOPLIST_FILE = Symmetrix/Info.plist;
				LD_RUNPATH_SEARCH_PATHS = (
					"$(inherited)",
					"@executable_path/Frameworks",
				);
				PRODUCT_BUNDLE_IDENTIFIER = uk.co.mindbrix.Symmetrix;
				PRODUCT_NAME = "$(TARGET_NAME)";
				SWIFT_VERSION = 5.0;
				TARGETED_DEVICE_FAMILY = "1,2";
			};
			name = Release;
		};
/* End XCBuildConfiguration section */

/* Begin XCConfigurationList section */
		E920590223DEEFB3009B7FAD /* Build configuration list for PBXProject "Symmetrix" */ = {
			isa = XCConfigurationList;
			buildConfigurations = (
				E920591923DEEFB4009B7FAD /* Debug */,
				E920591A23DEEFB4009B7FAD /* Release */,
			);
			defaultConfigurationIsVisible = 0;
			defaultConfigurationName = Release;
		};
		E920591B23DEEFB4009B7FAD /* Build configuration list for PBXNativeTarget "Symmetrix" */ = {
			isa = XCConfigurationList;
			buildConfigurations = (
				E920591C23DEEFB4009B7FAD /* Debug */,
				E920591D23DEEFB4009B7FAD /* Release */,
			);
			defaultConfigurationIsVisible = 0;
			defaultConfigurationName = Release;
		};
/* End XCConfigurationList section */
	};
	rootObject = E92058FF23DEEFB3009B7FAD /* Project object */;
}
